// !$*UTF8*$!
{
	archiveVersion = 1;
	classes = {
	};
	objectVersion = 46;
	objects = {

/* Begin PBXBuildFile section */
		5D20EDD11A30B52700A6C8A2 /* AppDelegate.swift in Sources */ = {isa = PBXBuildFile; fileRef = 5D20EDD01A30B52700A6C8A2 /* AppDelegate.swift */; };
		5D20EDD31A30B52700A6C8A2 /* ViewController.swift in Sources */ = {isa = PBXBuildFile; fileRef = 5D20EDD21A30B52700A6C8A2 /* ViewController.swift */; };
		5D20EDD61A30B52700A6C8A2 /* Main.storyboard in Resources */ = {isa = PBXBuildFile; fileRef = 5D20EDD41A30B52700A6C8A2 /* Main.storyboard */; };
		5D20EDD81A30B52700A6C8A2 /* Images.xcassets in Resources */ = {isa = PBXBuildFile; fileRef = 5D20EDD71A30B52700A6C8A2 /* Images.xcassets */; };
		5D20EDDB1A30B52700A6C8A2 /* LaunchScreen.xib in Resources */ = {isa = PBXBuildFile; fileRef = 5D20EDD91A30B52700A6C8A2 /* LaunchScreen.xib */; };
		5D20EDE71A30B52700A6C8A2 /* BLETestTests.swift in Sources */ = {isa = PBXBuildFile; fileRef = 5D20EDE61A30B52700A6C8A2 /* BLETestTests.swift */; };
		5D9631391A31657E007B7F0B /* BLEScannerViewController.swift in Sources */ = {isa = PBXBuildFile; fileRef = 5D9631381A31657E007B7F0B /* BLEScannerViewController.swift */; };
		5D96313B1A316ECB007B7F0B /* BLEScanner.swift in Sources */ = {isa = PBXBuildFile; fileRef = 5D96313A1A316ECB007B7F0B /* BLEScanner.swift */; };
		5DAFF9BE1A3322B800EDB833 /* PeripheralCharacteristicsIViewController.swift in Sources */ = {isa = PBXBuildFile; fileRef = 5DAFF9BD1A3322B800EDB833 /* PeripheralCharacteristicsIViewController.swift */; };
		5DE425981A331A78001BECF7 /* PeripheralServicesViewController.swift in Sources */ = {isa = PBXBuildFile; fileRef = 5DE425971A331A78001BECF7 /* PeripheralServicesViewController.swift */; };
/* End PBXBuildFile section */

/* Begin PBXContainerItemProxy section */
		5D20EDE11A30B52700A6C8A2 /* PBXContainerItemProxy */ = {
			isa = PBXContainerItemProxy;
			containerPortal = 5D20EDC31A30B52700A6C8A2 /* Project object */;
			proxyType = 1;
			remoteGlobalIDString = 5D20EDCA1A30B52700A6C8A2;
			remoteInfo = BLETest;
		};
/* End PBXContainerItemProxy section */

/* Begin PBXFileReference section */
		5D20EDCB1A30B52700A6C8A2 /* BLETest.app */ = {isa = PBXFileReference; explicitFileType = wrapper.application; includeInIndex = 0; path = BLETest.app; sourceTree = BUILT_PRODUCTS_DIR; };
		5D20EDCF1A30B52700A6C8A2 /* Info.plist */ = {isa = PBXFileReference; lastKnownFileType = text.plist.xml; path = Info.plist; sourceTree = "<group>"; };
		5D20EDD01A30B52700A6C8A2 /* AppDelegate.swift */ = {isa = PBXFileReference; lastKnownFileType = sourcecode.swift; path = AppDelegate.swift; sourceTree = "<group>"; };
		5D20EDD21A30B52700A6C8A2 /* ViewController.swift */ = {isa = PBXFileReference; lastKnownFileType = sourcecode.swift; path = ViewController.swift; sourceTree = "<group>"; };
		5D20EDD51A30B52700A6C8A2 /* Base */ = {isa = PBXFileReference; lastKnownFileType = file.storyboard; name = Base; path = Base.lproj/Main.storyboard; sourceTree = "<group>"; };
		5D20EDD71A30B52700A6C8A2 /* Images.xcassets */ = {isa = PBXFileReference; lastKnownFileType = folder.assetcatalog; path = Images.xcassets; sourceTree = "<group>"; };
		5D20EDDA1A30B52700A6C8A2 /* Base */ = {isa = PBXFileReference; lastKnownFileType = file.xib; name = Base; path = Base.lproj/LaunchScreen.xib; sourceTree = "<group>"; };
		5D20EDE01A30B52700A6C8A2 /* BLETestTests.xctest */ = {isa = PBXFileReference; explicitFileType = wrapper.cfbundle; includeInIndex = 0; path = BLETestTests.xctest; sourceTree = BUILT_PRODUCTS_DIR; };
		5D20EDE51A30B52700A6C8A2 /* Info.plist */ = {isa = PBXFileReference; lastKnownFileType = text.plist.xml; path = Info.plist; sourceTree = "<group>"; };
		5D20EDE61A30B52700A6C8A2 /* BLETestTests.swift */ = {isa = PBXFileReference; lastKnownFileType = sourcecode.swift; path = BLETestTests.swift; sourceTree = "<group>"; };
		5D9631381A31657E007B7F0B /* BLEScannerViewController.swift */ = {isa = PBXFileReference; fileEncoding = 4; lastKnownFileType = sourcecode.swift; path = BLEScannerViewController.swift; sourceTree = "<group>"; };
		5D96313A1A316ECB007B7F0B /* BLEScanner.swift */ = {isa = PBXFileReference; fileEncoding = 4; lastKnownFileType = sourcecode.swift; path = BLEScanner.swift; sourceTree = "<group>"; };
		5DAFF9BD1A3322B800EDB833 /* PeripheralCharacteristicsIViewController.swift */ = {isa = PBXFileReference; fileEncoding = 4; lastKnownFileType = sourcecode.swift; path = PeripheralCharacteristicsIViewController.swift; sourceTree = "<group>"; };
		5DE425971A331A78001BECF7 /* PeripheralServicesViewController.swift */ = {isa = PBXFileReference; fileEncoding = 4; lastKnownFileType = sourcecode.swift; path = PeripheralServicesViewController.swift; sourceTree = "<group>"; };
/* End PBXFileReference section */

/* Begin PBXFrameworksBuildPhase section */
		5D20EDC81A30B52700A6C8A2 /* Frameworks */ = {
			isa = PBXFrameworksBuildPhase;
			buildActionMask = 2147483647;
			files = (
			);
			runOnlyForDeploymentPostprocessing = 0;
		};
		5D20EDDD1A30B52700A6C8A2 /* Frameworks */ = {
			isa = PBXFrameworksBuildPhase;
			buildActionMask = 2147483647;
			files = (
			);
			runOnlyForDeploymentPostprocessing = 0;
		};
/* End PBXFrameworksBuildPhase section */

/* Begin PBXGroup section */
		5D20EDC21A30B52700A6C8A2 = {
			isa = PBXGroup;
			children = (
				5D20EDCD1A30B52700A6C8A2 /* BLETest */,
				5D20EDE31A30B52700A6C8A2 /* BLETestTests */,
				5D20EDCC1A30B52700A6C8A2 /* Products */,
			);
			sourceTree = "<group>";
		};
		5D20EDCC1A30B52700A6C8A2 /* Products */ = {
			isa = PBXGroup;
			children = (
				5D20EDCB1A30B52700A6C8A2 /* BLETest.app */,
				5D20EDE01A30B52700A6C8A2 /* BLETestTests.xctest */,
			);
			name = Products;
			sourceTree = "<group>";
		};
		5D20EDCD1A30B52700A6C8A2 /* BLETest */ = {
			isa = PBXGroup;
			children = (
				5DAFF9BD1A3322B800EDB833 /* PeripheralCharacteristicsIViewController.swift */,
				5DE425971A331A78001BECF7 /* PeripheralServicesViewController.swift */,
				5D9631381A31657E007B7F0B /* BLEScannerViewController.swift */,
				5D96313A1A316ECB007B7F0B /* BLEScanner.swift */,
				5D20EDD01A30B52700A6C8A2 /* AppDelegate.swift */,
				5D20EDD21A30B52700A6C8A2 /* ViewController.swift */,
				5D20EDD41A30B52700A6C8A2 /* Main.storyboard */,
				5D20EDD71A30B52700A6C8A2 /* Images.xcassets */,
				5D20EDD91A30B52700A6C8A2 /* LaunchScreen.xib */,
				5D20EDCE1A30B52700A6C8A2 /* Supporting Files */,
			);
			path = BLETest;
			sourceTree = "<group>";
		};
		5D20EDCE1A30B52700A6C8A2 /* Supporting Files */ = {
			isa = PBXGroup;
			children = (
				5D20EDCF1A30B52700A6C8A2 /* Info.plist */,
			);
			name = "Supporting Files";
			sourceTree = "<group>";
		};
		5D20EDE31A30B52700A6C8A2 /* BLETestTests */ = {
			isa = PBXGroup;
			children = (
				5D20EDE61A30B52700A6C8A2 /* BLETestTests.swift */,
				5D20EDE41A30B52700A6C8A2 /* Supporting Files */,
			);
			path = BLETestTests;
			sourceTree = "<group>";
		};
		5D20EDE41A30B52700A6C8A2 /* Supporting Files */ = {
			isa = PBXGroup;
			children = (
				5D20EDE51A30B52700A6C8A2 /* Info.plist */,
			);
			name = "Supporting Files";
			sourceTree = "<group>";
		};
/* End PBXGroup section */

/* Begin PBXNativeTarget section */
		5D20EDCA1A30B52700A6C8A2 /* BLETest */ = {
			isa = PBXNativeTarget;
			buildConfigurationList = 5D20EDEA1A30B52700A6C8A2 /* Build configuration list for PBXNativeTarget "BLETest" */;
			buildPhases = (
				5D20EDC71A30B52700A6C8A2 /* Sources */,
				5D20EDC81A30B52700A6C8A2 /* Frameworks */,
				5D20EDC91A30B52700A6C8A2 /* Resources */,
			);
			buildRules = (
			);
			dependencies = (
			);
			name = BLETest;
			productName = BLETest;
			productReference = 5D20EDCB1A30B52700A6C8A2 /* BLETest.app */;
			productType = "com.apple.product-type.application";
		};
		5D20EDDF1A30B52700A6C8A2 /* BLETestTests */ = {
			isa = PBXNativeTarget;
			buildConfigurationList = 5D20EDED1A30B52700A6C8A2 /* Build configuration list for PBXNativeTarget "BLETestTests" */;
			buildPhases = (
				5D20EDDC1A30B52700A6C8A2 /* Sources */,
				5D20EDDD1A30B52700A6C8A2 /* Frameworks */,
				5D20EDDE1A30B52700A6C8A2 /* Resources */,
			);
			buildRules = (
			);
			dependencies = (
				5D20EDE21A30B52700A6C8A2 /* PBXTargetDependency */,
			);
			name = BLETestTests;
			productName = BLETestTests;
			productReference = 5D20EDE01A30B52700A6C8A2 /* BLETestTests.xctest */;
			productType = "com.apple.product-type.bundle.unit-test";
		};
/* End PBXNativeTarget section */

/* Begin PBXProject section */
		5D20EDC31A30B52700A6C8A2 /* Project object */ = {
			isa = PBXProject;
			attributes = {
				LastUpgradeCheck = 0610;
				ORGANIZATIONNAME = Braison;
				TargetAttributes = {
					5D20EDCA1A30B52700A6C8A2 = {
						CreatedOnToolsVersion = 6.1.1;
						DevelopmentTeam = DLS9TB22WX;
					};
					5D20EDDF1A30B52700A6C8A2 = {
						CreatedOnToolsVersion = 6.1.1;
						TestTargetID = 5D20EDCA1A30B52700A6C8A2;
					};
				};
			};
			buildConfigurationList = 5D20EDC61A30B52700A6C8A2 /* Build configuration list for PBXProject "BLETest" */;
			compatibilityVersion = "Xcode 3.2";
			developmentRegion = English;
			hasScannedForEncodings = 0;
			knownRegions = (
				en,
				Base,
			);
			mainGroup = 5D20EDC21A30B52700A6C8A2;
			productRefGroup = 5D20EDCC1A30B52700A6C8A2 /* Products */;
			projectDirPath = "";
			projectRoot = "";
			targets = (
				5D20EDCA1A30B52700A6C8A2 /* BLETest */,
				5D20EDDF1A30B52700A6C8A2 /* BLETestTests */,
			);
		};
/* End PBXProject section */

/* Begin PBXResourcesBuildPhase section */
		5D20EDC91A30B52700A6C8A2 /* Resources */ = {
			isa = PBXResourcesBuildPhase;
			buildActionMask = 2147483647;
			files = (
				5D20EDD61A30B52700A6C8A2 /* Main.storyboard in Resources */,
				5D20EDDB1A30B52700A6C8A2 /* LaunchScreen.xib in Resources */,
				5D20EDD81A30B52700A6C8A2 /* Images.xcassets in Resources */,
			);
			runOnlyForDeploymentPostprocessing = 0;
		};
		5D20EDDE1A30B52700A6C8A2 /* Resources */ = {
			isa = PBXResourcesBuildPhase;
			buildActionMask = 2147483647;
			files = (
			);
			runOnlyForDeploymentPostprocessing = 0;
		};
/* End PBXResourcesBuildPhase section */

/* Begin PBXSourcesBuildPhase section */
		5D20EDC71A30B52700A6C8A2 /* Sources */ = {
			isa = PBXSourcesBuildPhase;
			buildActionMask = 2147483647;
			files = (
				5D96313B1A316ECB007B7F0B /* BLEScanner.swift in Sources */,
				5D9631391A31657E007B7F0B /* BLEScannerViewController.swift in Sources */,
				5D20EDD31A30B52700A6C8A2 /* ViewController.swift in Sources */,
				5DE425981A331A78001BECF7 /* PeripheralServicesViewController.swift in Sources */,
				5D20EDD11A30B52700A6C8A2 /* AppDelegate.swift in Sources */,
				5DAFF9BE1A3322B800EDB833 /* PeripheralCharacteristicsIViewController.swift in Sources */,
			);
			runOnlyForDeploymentPostprocessing = 0;
		};
		5D20EDDC1A30B52700A6C8A2 /* Sources */ = {
			isa = PBXSourcesBuildPhase;
			buildActionMask = 2147483647;
			files = (
				5D20EDE71A30B52700A6C8A2 /* BLETestTests.swift in Sources */,
			);
			runOnlyForDeploymentPostprocessing = 0;
		};
/* End PBXSourcesBuildPhase section */

/* Begin PBXTargetDependency section */
		5D20EDE21A30B52700A6C8A2 /* PBXTargetDependency */ = {
			isa = PBXTargetDependency;
			target = 5D20EDCA1A30B52700A6C8A2 /* BLETest */;
			targetProxy = 5D20EDE11A30B52700A6C8A2 /* PBXContainerItemProxy */;
		};
/* End PBXTargetDependency section */

/* Begin PBXVariantGroup section */
		5D20EDD41A30B52700A6C8A2 /* Main.storyboard */ = {
			isa = PBXVariantGroup;
			children = (
				5D20EDD51A30B52700A6C8A2 /* Base */,
			);
			name = Main.storyboard;
			sourceTree = "<group>";
		};
		5D20EDD91A30B52700A6C8A2 /* LaunchScreen.xib */ = {
			isa = PBXVariantGroup;
			children = (
				5D20EDDA1A30B52700A6C8A2 /* Base */,
			);
			name = LaunchScreen.xib;
			sourceTree = "<group>";
		};
/* End PBXVariantGroup section */

/* Begin XCBuildConfiguration section */
		5D20EDE81A30B52700A6C8A2 /* Debug */ = {
			isa = XCBuildConfiguration;
			buildSettings = {
				ALWAYS_SEARCH_USER_PATHS = NO;
				CLANG_CXX_LANGUAGE_STANDARD = "gnu++0x";
				CLANG_CXX_LIBRARY = "libc++";
				CLANG_ENABLE_MODULES = YES;
				CLANG_ENABLE_OBJC_ARC = YES;
				CLANG_WARN_BOOL_CONVERSION = YES;
				CLANG_WARN_CONSTANT_CONVERSION = YES;
				CLANG_WARN_DIRECT_OBJC_ISA_USAGE = YES_ERROR;
				CLANG_WARN_EMPTY_BODY = YES;
				CLANG_WARN_ENUM_CONVERSION = YES;
				CLANG_WARN_INT_CONVERSION = YES;
				CLANG_WARN_OBJC_ROOT_CLASS = YES_ERROR;
				CLANG_WARN_UNREACHABLE_CODE = YES;
				CLANG_WARN__DUPLICATE_METHOD_MATCH = YES;
				"CODE_SIGN_IDENTITY[sdk=iphoneos*]" = "iPhone Developer";
				COPY_PHASE_STRIP = NO;
				ENABLE_STRICT_OBJC_MSGSEND = YES;
				GCC_C_LANGUAGE_STANDARD = gnu99;
				GCC_DYNAMIC_NO_PIC = NO;
				GCC_OPTIMIZATION_LEVEL = 0;
				GCC_PREPROCESSOR_DEFINITIONS = (
					"DEBUG=1",
					"$(inherited)",
				);
				GCC_SYMBOLS_PRIVATE_EXTERN = NO;
				GCC_WARN_64_TO_32_BIT_CONVERSION = YES;
				GCC_WARN_ABOUT_RETURN_TYPE = YES_ERROR;
				GCC_WARN_UNDECLARED_SELECTOR = YES;
				GCC_WARN_UNINITIALIZED_AUTOS = YES_AGGRESSIVE;
				GCC_WARN_UNUSED_FUNCTION = YES;
				GCC_WARN_UNUSED_VARIABLE = YES;
				IPHONEOS_DEPLOYMENT_TARGET = 8.1;
				MTL_ENABLE_DEBUG_INFO = YES;
				ONLY_ACTIVE_ARCH = YES;
				SDKROOT = iphoneos;
				SWIFT_OPTIMIZATION_LEVEL = "-Onone";
			};
			name = Debug;
		};
		5D20EDE91A30B52700A6C8A2 /* Release */ = {
			isa = XCBuildConfiguration;
			buildSettings = {
				ALWAYS_SEARCH_USER_PATHS = NO;
				CLANG_CXX_LANGUAGE_STANDARD = "gnu++0x";
				CLANG_CXX_LIBRARY = "libc++";
				CLANG_ENABLE_MODULES = YES;
				CLANG_ENABLE_OBJC_ARC = YES;
				CLANG_WARN_BOOL_CONVERSION = YES;
				CLANG_WARN_CONSTANT_CONVERSION = YES;
				CLANG_WARN_DIRECT_OBJC_ISA_USAGE = YES_ERROR;
				CLANG_WARN_EMPTY_BODY = YES;
				CLANG_WARN_ENUM_CONVERSION = YES;
				CLANG_WARN_INT_CONVERSION = YES;
				CLANG_WARN_OBJC_ROOT_CLASS = YES_ERROR;
				CLANG_WARN_UNREACHABLE_CODE = YES;
				CLANG_WARN__DUPLICATE_METHOD_MATCH = YES;
				"CODE_SIGN_IDENTITY[sdk=iphoneos*]" = "iPhone Developer";
				COPY_PHASE_STRIP = YES;
				ENABLE_NS_ASSERTIONS = NO;
				ENABLE_STRICT_OBJC_MSGSEND = YES;
				GCC_C_LANGUAGE_STANDARD = gnu99;
				GCC_WARN_64_TO_32_BIT_CONVERSION = YES;
				GCC_WARN_ABOUT_RETURN_TYPE = YES_ERROR;
				GCC_WARN_UNDECLARED_SELECTOR = YES;
				GCC_WARN_UNINITIALIZED_AUTOS = YES_AGGRESSIVE;
				GCC_WARN_UNUSED_FUNCTION = YES;
				GCC_WARN_UNUSED_VARIABLE = YES;
				IPHONEOS_DEPLOYMENT_TARGET = 8.1;
				MTL_ENABLE_DEBUG_INFO = NO;
				SDKROOT = iphoneos;
				VALIDATE_PRODUCT = YES;
			};
			name = Release;
		};
		5D20EDEB1A30B52700A6C8A2 /* Debug */ = {
			isa = XCBuildConfiguration;
			buildSettings = {
				ASSETCATALOG_COMPILER_APPICON_NAME = AppIcon;
				CODE_SIGN_IDENTITY = "iPhone Developer";
				"CODE_SIGN_IDENTITY[sdk=iphoneos*]" = "iPhone Developer";
				INFOPLIST_FILE = BLETest/Info.plist;
				LD_RUNPATH_SEARCH_PATHS = "$(inherited) @executable_path/Frameworks";
				PRODUCT_NAME = "$(TARGET_NAME)";
				PROVISIONING_PROFILE = "";
			};
			name = Debug;
		};
		5D20EDEC1A30B52700A6C8A2 /* Release */ = {
			isa = XCBuildConfiguration;
			buildSettings = {
				ASSETCATALOG_COMPILER_APPICON_NAME = AppIcon;
				CODE_SIGN_IDENTITY = "iPhone Developer";
				"CODE_SIGN_IDENTITY[sdk=iphoneos*]" = "iPhone Developer";
				INFOPLIST_FILE = BLETest/Info.plist;
				LD_RUNPATH_SEARCH_PATHS = "$(inherited) @executable_path/Frameworks";
				PRODUCT_NAME = "$(TARGET_NAME)";
				PROVISIONING_PROFILE = "";
			};
			name = Release;
		};
		5D20EDEE1A30B52700A6C8A2 /* Debug */ = {
			isa = XCBuildConfiguration;
			buildSettings = {
				BUNDLE_LOADER = "$(TEST_HOST)";
				FRAMEWORK_SEARCH_PATHS = (
					"$(SDKROOT)/Developer/Library/Frameworks",
					"$(inherited)",
				);
				GCC_PREPROCESSOR_DEFINITIONS = (
					"DEBUG=1",
					"$(inherited)",
				);
				INFOPLIST_FILE = BLETestTests/Info.plist;
				LD_RUNPATH_SEARCH_PATHS = "$(inherited) @executable_path/Frameworks @loader_path/Frameworks";
				PRODUCT_NAME = "$(TARGET_NAME)";
				TEST_HOST = "$(BUILT_PRODUCTS_DIR)/BLETest.app/BLETest";
			};
			name = Debug;
		};
		5D20EDEF1A30B52700A6C8A2 /* Release */ = {
			isa = XCBuildConfiguration;
			buildSettings = {
				BUNDLE_LOADER = "$(TEST_HOST)";
				FRAMEWORK_SEARCH_PATHS = (
					"$(SDKROOT)/Developer/Library/Frameworks",
					"$(inherited)",
				);
				INFOPLIST_FILE = BLETestTests/Info.plist;
				LD_RUNPATH_SEARCH_PATHS = "$(inherited) @executable_path/Frameworks @loader_path/Frameworks";
				PRODUCT_NAME = "$(TARGET_NAME)";
				TEST_HOST = "$(BUILT_PRODUCTS_DIR)/BLETest.app/BLETest";
			};
			name = Release;
		};
/* End XCBuildConfiguration section */

/* Begin XCConfigurationList section */
		5D20EDC61A30B52700A6C8A2 /* Build configuration list for PBXProject "BLETest" */ = {
			isa = XCConfigurationList;
			buildConfigurations = (
				5D20EDE81A30B52700A6C8A2 /* Debug */,
				5D20EDE91A30B52700A6C8A2 /* Release */,
			);
			defaultConfigurationIsVisible = 0;
			defaultConfigurationName = Release;
		};
		5D20EDEA1A30B52700A6C8A2 /* Build configuration list for PBXNativeTarget "BLETest" */ = {
			isa = XCConfigurationList;
			buildConfigurations = (
				5D20EDEB1A30B52700A6C8A2 /* Debug */,
				5D20EDEC1A30B52700A6C8A2 /* Release */,
			);
			defaultConfigurationIsVisible = 0;
			defaultConfigurationName = Release;
		};
		5D20EDED1A30B52700A6C8A2 /* Build configuration list for PBXNativeTarget "BLETestTests" */ = {
			isa = XCConfigurationList;
			buildConfigurations = (
				5D20EDEE1A30B52700A6C8A2 /* Debug */,
				5D20EDEF1A30B52700A6C8A2 /* Release */,
			);
			defaultConfigurationIsVisible = 0;
			defaultConfigurationName = Release;
		};
/* End XCConfigurationList section */
	};
	rootObject = 5D20EDC31A30B52700A6C8A2 /* Project object */;
}
